
Microsoft Visual Studio Solution File, Format Version 12.00
# Visual Studio Version 16
VisualStudioVersion = 16.0.31515.178
MinimumVisualStudioVersion = 10.0.40219.1
Project("{FAE04EC0-301F-11D3-BF4B-00C04F79EFBC}") = "BubleSort", "ConsoleApp1\BubleSort.csproj", "{A6B31A0E-5989-42CB-9A14-C1B300EDB9E9}"
EndProject
Global
	GlobalSection(SolutionConfigurationPlatforms) = preSolution
		Debug|Any CPU = Debug|Any CPU
		Release|Any CPU = Release|Any CPU
	EndGlobalSection
	GlobalSection(ProjectConfigurationPlatforms) = postSolution
		{A6B31A0E-5989-42CB-9A14-C1B300EDB9E9}.Debug|Any CPU.ActiveCfg = Debug|Any CPU
		{A6B31A0E-5989-42CB-9A14-C1B300EDB9E9}.Debug|Any CPU.Build.0 = Debug|Any CPU
		{A6B31A0E-5989-42CB-9A14-C1B300EDB9E9}.Release|Any CPU.ActiveCfg = Release|Any CPU
		{A6B31A0E-5989-42CB-9A14-C1B300EDB9E9}.Release|Any CPU.Build.0 = Release|Any CPU
	EndGlobalSection
	GlobalSection(SolutionProperties) = preSolution
		HideSolutionNode = FALSE
	EndGlobalSection
	GlobalSection(ExtensibilityGlobals) = postSolution
		SolutionGuid = {BBA8C9A7-49E6-47E7-A6D2-1BEB1D48BACD}
	EndGlobalSection
EndGlobal
